
Microsoft Visual Studio Solution File, Format Version 12.00
# Visual Studio Version 17
VisualStudioVersion = 17.4.33103.184
MinimumVisualStudioVersion = 10.0.40219.1
Project("{FAE04EC0-301F-11D3-BF4B-00C04F79EFBC}") = "POS_System", "POS_System\POS_System.csproj", "{0343E4D9-3948-4034-92A4-921333DB424A}"
EndProject
Project("{FAE04EC0-301F-11D3-BF4B-00C04F79EFBC}") = "DTO", "DTO\DTO.csproj", "{655D2213-47EA-4A58-AA06-58BB3FB1613C}"
EndProject
Project("{FAE04EC0-301F-11D3-BF4B-00C04F79EFBC}") = "DAL", "DAL\DAL.csproj", "{5BADEE21-1528-4072-9CAF-3581DE656443}"
EndProject
Project("{FAE04EC0-301F-11D3-BF4B-00C04F79EFBC}") = "BLL", "BLL\BLL.csproj", "{C0C6AA96-100F-47C9-B3CF-8E6318DE40C7}"
EndProject
Project("{FAE04EC0-301F-11D3-BF4B-00C04F79EFBC}") = "PL", "PL\PL.csproj", "{72C5DAB1-A2A1-4930-AFA4-B533E63C3657}"
EndProject
Global
	GlobalSection(SolutionConfigurationPlatforms) = preSolution
		Debug|Any CPU = Debug|Any CPU
		Release|Any CPU = Release|Any CPU
	EndGlobalSection
	GlobalSection(ProjectConfigurationPlatforms) = postSolution
		{0343E4D9-3948-4034-92A4-921333DB424A}.Debug|Any CPU.ActiveCfg = Debug|Any CPU
		{0343E4D9-3948-4034-92A4-921333DB424A}.Debug|Any CPU.Build.0 = Debug|Any CPU
		{0343E4D9-3948-4034-92A4-921333DB424A}.Release|Any CPU.ActiveCfg = Release|Any CPU
		{0343E4D9-3948-4034-92A4-921333DB424A}.Release|Any CPU.Build.0 = Release|Any CPU
		{655D2213-47EA-4A58-AA06-58BB3FB1613C}.Debug|Any CPU.ActiveCfg = Debug|Any CPU
		{655D2213-47EA-4A58-AA06-58BB3FB1613C}.Debug|Any CPU.Build.0 = Debug|Any CPU
		{655D2213-47EA-4A58-AA06-58BB3FB1613C}.Release|Any CPU.ActiveCfg = Release|Any CPU
		{655D2213-47EA-4A58-AA06-58BB3FB1613C}.Release|Any CPU.Build.0 = Release|Any CPU
		{5BADEE21-1528-4072-9CAF-3581DE656443}.Debug|Any CPU.ActiveCfg = Debug|Any CPU
		{5BADEE21-1528-4072-9CAF-3581DE656443}.Debug|Any CPU.Build.0 = Debug|Any CPU
		{5BADEE21-1528-4072-9CAF-3581DE656443}.Release|Any CPU.ActiveCfg = Release|Any CPU
		{5BADEE21-1528-4072-9CAF-3581DE656443}.Release|Any CPU.Build.0 = Release|Any CPU
		{C0C6AA96-100F-47C9-B3CF-8E6318DE40C7}.Debug|Any CPU.ActiveCfg = Debug|Any CPU
		{C0C6AA96-100F-47C9-B3CF-8E6318DE40C7}.Debug|Any CPU.Build.0 = Debug|Any CPU
		{C0C6AA96-100F-47C9-B3CF-8E6318DE40C7}.Release|Any CPU.ActiveCfg = Release|Any CPU
		{C0C6AA96-100F-47C9-B3CF-8E6318DE40C7}.Release|Any CPU.Build.0 = Release|Any CPU
		{72C5DAB1-A2A1-4930-AFA4-B533E63C3657}.Debug|Any CPU.ActiveCfg = Debug|Any CPU
		{72C5DAB1-A2A1-4930-AFA4-B533E63C3657}.Debug|Any CPU.Build.0 = Debug|Any CPU
		{72C5DAB1-A2A1-4930-AFA4-B533E63C3657}.Release|Any CPU.ActiveCfg = Release|Any CPU
		{72C5DAB1-A2A1-4930-AFA4-B533E63C3657}.Release|Any CPU.Build.0 = Release|Any CPU
	EndGlobalSection
	GlobalSection(SolutionProperties) = preSolution
		HideSolutionNode = FALSE
	EndGlobalSection
	GlobalSection(ExtensibilityGlobals) = postSolution
		SolutionGuid = {F5EB495D-D71D-4430-B62A-49B6211A5B03}
	EndGlobalSection
EndGlobal
