
Microsoft Visual Studio Solution File, Format Version 12.00
# Visual Studio Version 17
VisualStudioVersion = 17.4.33205.214
MinimumVisualStudioVersion = 10.0.40219.1
Project("{FAE04EC0-301F-11D3-BF4B-00C04F79EFBC}") = "WPFCalculator", "WPFCalculator\WPFCalculator.csproj", "{0652377E-4F7E-4A2F-B310-EE9D91473013}"
EndProject
Global
	GlobalSection(SolutionConfigurationPlatforms) = preSolution
		Debug|Any CPU = Debug|Any CPU
		Release|Any CPU = Release|Any CPU
	EndGlobalSection
	GlobalSection(ProjectConfigurationPlatforms) = postSolution
		{0652377E-4F7E-4A2F-B310-EE9D91473013}.Debug|Any CPU.ActiveCfg = Debug|Any CPU
		{0652377E-4F7E-4A2F-B310-EE9D91473013}.Debug|Any CPU.Build.0 = Debug|Any CPU
		{0652377E-4F7E-4A2F-B310-EE9D91473013}.Release|Any CPU.ActiveCfg = Release|Any CPU
		{0652377E-4F7E-4A2F-B310-EE9D91473013}.Release|Any CPU.Build.0 = Release|Any CPU
	EndGlobalSection
	GlobalSection(SolutionProperties) = preSolution
		HideSolutionNode = FALSE
	EndGlobalSection
	GlobalSection(ExtensibilityGlobals) = postSolution
		SolutionGuid = {E80E6FAC-BCD6-4085-858A-936786C715C8}
	EndGlobalSection
EndGlobal
