
Microsoft Visual Studio Solution File, Format Version 12.00
# Visual Studio Version 17
VisualStudioVersion = 17.4.33205.214
MinimumVisualStudioVersion = 10.0.40219.1
Project("{FAE04EC0-301F-11D3-BF4B-00C04F79EFBC}") = "Linq", "Linq\Linq.csproj", "{67044BD6-5E55-41E4-8A09-EDD7898A9B44}"
EndProject
Global
	GlobalSection(SolutionConfigurationPlatforms) = preSolution
		Debug|Any CPU = Debug|Any CPU
		Release|Any CPU = Release|Any CPU
	EndGlobalSection
	GlobalSection(ProjectConfigurationPlatforms) = postSolution
		{67044BD6-5E55-41E4-8A09-EDD7898A9B44}.Debug|Any CPU.ActiveCfg = Debug|Any CPU
		{67044BD6-5E55-41E4-8A09-EDD7898A9B44}.Debug|Any CPU.Build.0 = Debug|Any CPU
		{67044BD6-5E55-41E4-8A09-EDD7898A9B44}.Release|Any CPU.ActiveCfg = Release|Any CPU
		{67044BD6-5E55-41E4-8A09-EDD7898A9B44}.Release|Any CPU.Build.0 = Release|Any CPU
	EndGlobalSection
	GlobalSection(SolutionProperties) = preSolution
		HideSolutionNode = FALSE
	EndGlobalSection
	GlobalSection(ExtensibilityGlobals) = postSolution
		SolutionGuid = {4A56F81B-58DE-427F-AE97-F7B18DF32A0D}
	EndGlobalSection
EndGlobal
