
Microsoft Visual Studio Solution File, Format Version 12.00
# Visual Studio Version 17
VisualStudioVersion = 17.3.32929.385
MinimumVisualStudioVersion = 10.0.40219.1
Project("{FAE04EC0-301F-11D3-BF4B-00C04F79EFBC}") = "DB_Practice", "DB_Practice\DB_Practice.csproj", "{95EFDA7A-8D48-41D2-B101-89A442AB9D90}"
EndProject
Global
	GlobalSection(SolutionConfigurationPlatforms) = preSolution
		Debug|Any CPU = Debug|Any CPU
		Release|Any CPU = Release|Any CPU
	EndGlobalSection
	GlobalSection(ProjectConfigurationPlatforms) = postSolution
		{95EFDA7A-8D48-41D2-B101-89A442AB9D90}.Debug|Any CPU.ActiveCfg = Debug|Any CPU
		{95EFDA7A-8D48-41D2-B101-89A442AB9D90}.Debug|Any CPU.Build.0 = Debug|Any CPU
		{95EFDA7A-8D48-41D2-B101-89A442AB9D90}.Release|Any CPU.ActiveCfg = Release|Any CPU
		{95EFDA7A-8D48-41D2-B101-89A442AB9D90}.Release|Any CPU.Build.0 = Release|Any CPU
	EndGlobalSection
	GlobalSection(SolutionProperties) = preSolution
		HideSolutionNode = FALSE
	EndGlobalSection
	GlobalSection(ExtensibilityGlobals) = postSolution
		SolutionGuid = {B7F8F0E8-6FF9-4F62-AE16-E4E54E87502E}
	EndGlobalSection
EndGlobal
